
Microsoft Visual Studio Solution File, Format Version 12.00
# Visual Studio 14
VisualStudioVersion = 14.0.23107.0
MinimumVisualStudioVersion = 10.0.40219.1
Project("{A07B5EB6-E848-4116-A8D0-A826331D98C6}") = "RefMServiceApplication", "RefMServiceApplication\RefMServiceApplication.sfproj", "{7441AB18-2AD0-44C8-B136-AC1F3C22B9CD}"
EndProject
Project("{FAE04EC0-301F-11D3-BF4B-00C04F79EFBC}") = "RefMService", "RefMService\RefMService.csproj", "{710728A9-764B-4F10-8743-1BA7F7B94C5C}"
EndProject
Global
	GlobalSection(SolutionConfigurationPlatforms) = preSolution
		Debug|x64 = Debug|x64
		Release|x64 = Release|x64
	EndGlobalSection
	GlobalSection(ProjectConfigurationPlatforms) = postSolution
		{7441AB18-2AD0-44C8-B136-AC1F3C22B9CD}.Debug|x64.ActiveCfg = Debug|x64
		{7441AB18-2AD0-44C8-B136-AC1F3C22B9CD}.Debug|x64.Build.0 = Debug|x64
		{7441AB18-2AD0-44C8-B136-AC1F3C22B9CD}.Debug|x64.Deploy.0 = Debug|x64
		{7441AB18-2AD0-44C8-B136-AC1F3C22B9CD}.Release|x64.ActiveCfg = Release|x64
		{7441AB18-2AD0-44C8-B136-AC1F3C22B9CD}.Release|x64.Build.0 = Release|x64
		{7441AB18-2AD0-44C8-B136-AC1F3C22B9CD}.Release|x64.Deploy.0 = Release|x64
		{710728A9-764B-4F10-8743-1BA7F7B94C5C}.Debug|x64.ActiveCfg = Debug|x64
		{710728A9-764B-4F10-8743-1BA7F7B94C5C}.Debug|x64.Build.0 = Debug|x64
		{710728A9-764B-4F10-8743-1BA7F7B94C5C}.Release|x64.ActiveCfg = Release|x64
		{710728A9-764B-4F10-8743-1BA7F7B94C5C}.Release|x64.Build.0 = Release|x64
	EndGlobalSection
	GlobalSection(SolutionProperties) = preSolution
		HideSolutionNode = FALSE
	EndGlobalSection
EndGlobal
