Microsoft Visual Studio Solution File, Format Version 12.00
# Visual Studio 2013
VisualStudioVersion = 12.0.31101.0
MinimumVisualStudioVersion = 10.0.40219.1
Project("{FAE04EC0-301F-11D3-BF4B-00C04F79EFBC}") = "BiometricsDashboard", "BiometricsDashboard\BiometricsDashboard.csproj", "{1244A5A7-685E-4AD3-935E-AB4EF4598B78}"
EndProject
Project("{FAE04EC0-301F-11D3-BF4B-00C04F79EFBC}") = "Models", "BiometricsDashboard\Models\Models.csproj", "{54E465F0-90DA-4AB3-98B2-C9CEC0B411BA}"
EndProject
Global
	GlobalSection(SolutionConfigurationPlatforms) = preSolution
		Debug|Any CPU = Debug|Any CPU
		Release|Any CPU = Release|Any CPU
	EndGlobalSection
	GlobalSection(ProjectConfigurationPlatforms) = postSolution
		{1244A5A7-685E-4AD3-935E-AB4EF4598B78}.Debug|Any CPU.ActiveCfg = Debug|Any CPU
		{1244A5A7-685E-4AD3-935E-AB4EF4598B78}.Debug|Any CPU.Build.0 = Debug|Any CPU
		{1244A5A7-685E-4AD3-935E-AB4EF4598B78}.Release|Any CPU.ActiveCfg = Release|Any CPU
		{1244A5A7-685E-4AD3-935E-AB4EF4598B78}.Release|Any CPU.Build.0 = Release|Any CPU
		{54E465F0-90DA-4AB3-98B2-C9CEC0B411BA}.Debug|Any CPU.ActiveCfg = Debug|Any CPU
		{54E465F0-90DA-4AB3-98B2-C9CEC0B411BA}.Debug|Any CPU.Build.0 = Debug|Any CPU
		{54E465F0-90DA-4AB3-98B2-C9CEC0B411BA}.Release|Any CPU.ActiveCfg = Release|Any CPU
		{54E465F0-90DA-4AB3-98B2-C9CEC0B411BA}.Release|Any CPU.Build.0 = Release|Any CPU
	EndGlobalSection
	GlobalSection(SolutionProperties) = preSolution
		HideSolutionNode = FALSE
	EndGlobalSection
EndGlobal
