
Microsoft Visual Studio Solution File, Format Version 12.00
# Visual Studio 14
VisualStudioVersion = 14.0.22823.1
MinimumVisualStudioVersion = 10.0.40219.1
Project("{CC5FD16D-436D-48AD-A40C-5A424C6E3E79}") = "AlarmsWorker", "AlarmsWorker\AlarmsWorker.ccproj", "{96D42B84-7E28-4C7D-8265-92DB16F3A355}"
EndProject
Project("{FAE04EC0-301F-11D3-BF4B-00C04F79EFBC}") = "BiometricAlarmsWorker", "BiometricAlarmsWorker\BiometricAlarmsWorker.csproj", "{586FDC71-98BF-4D8F-8734-C66107C30E93}"
EndProject
Global
	GlobalSection(SolutionConfigurationPlatforms) = preSolution
		Debug|Any CPU = Debug|Any CPU
		Release|Any CPU = Release|Any CPU
	EndGlobalSection
	GlobalSection(ProjectConfigurationPlatforms) = postSolution
		{96D42B84-7E28-4C7D-8265-92DB16F3A355}.Debug|Any CPU.ActiveCfg = Debug|Any CPU
		{96D42B84-7E28-4C7D-8265-92DB16F3A355}.Debug|Any CPU.Build.0 = Debug|Any CPU
		{96D42B84-7E28-4C7D-8265-92DB16F3A355}.Release|Any CPU.ActiveCfg = Release|Any CPU
		{96D42B84-7E28-4C7D-8265-92DB16F3A355}.Release|Any CPU.Build.0 = Release|Any CPU
		{586FDC71-98BF-4D8F-8734-C66107C30E93}.Debug|Any CPU.ActiveCfg = Debug|Any CPU
		{586FDC71-98BF-4D8F-8734-C66107C30E93}.Debug|Any CPU.Build.0 = Debug|Any CPU
		{586FDC71-98BF-4D8F-8734-C66107C30E93}.Release|Any CPU.ActiveCfg = Release|Any CPU
		{586FDC71-98BF-4D8F-8734-C66107C30E93}.Release|Any CPU.Build.0 = Release|Any CPU
	EndGlobalSection
	GlobalSection(SolutionProperties) = preSolution
		HideSolutionNode = FALSE
	EndGlobalSection
EndGlobal
