
Microsoft Visual Studio Solution File, Format Version 12.00
# Visual Studio 14
VisualStudioVersion = 14.0.22823.1
MinimumVisualStudioVersion = 10.0.40219.1
Project("{FAE04EC0-301F-11D3-BF4B-00C04F79EFBC}") = "ConfigAdminAPI", "ConfigAdminAPI\ConfigAdminAPI.csproj", "{20392000-D170-48C4-95FE-6954AB594FB4}"
EndProject
Project("{2150E333-8FDC-42A3-9474-1A3956D46DE8}") = ".nuget", ".nuget", "{298E39A8-BFBA-49C1-85C2-69B54563C750}"
	ProjectSection(SolutionItems) = preProject
		.nuget\NuGet.Config = .nuget\NuGet.Config
		.nuget\NuGet.exe = .nuget\NuGet.exe
		.nuget\NuGet.targets = .nuget\NuGet.targets
	EndProjectSection
EndProject
Project("{2150E333-8FDC-42A3-9474-1A3956D46DE8}") = "PublishScripts", "PublishScripts", "{DF040295-3458-4B2E-9A26-7C365CC1140F}"
	ProjectSection(SolutionItems) = preProject
		PublishScripts\AzureWebsitePublishModule.psm1 = PublishScripts\AzureWebsitePublishModule.psm1
		PublishScripts\Publish-WebApplicationWebsite.ps1 = PublishScripts\Publish-WebApplicationWebsite.ps1
	EndProjectSection
EndProject
Project("{2150E333-8FDC-42A3-9474-1A3956D46DE8}") = "Configurations", "Configurations", "{12E3480A-3A81-4301-874E-C604C1194627}"
	ProjectSection(SolutionItems) = preProject
		PublishScripts\Configurations\Deploy-WAWS-dev.json = PublishScripts\Configurations\Deploy-WAWS-dev.json
	EndProjectSection
EndProject
Global
	GlobalSection(SolutionConfigurationPlatforms) = preSolution
		Debug|Any CPU = Debug|Any CPU
		Release|Any CPU = Release|Any CPU
	EndGlobalSection
	GlobalSection(ProjectConfigurationPlatforms) = postSolution
		{20392000-D170-48C4-95FE-6954AB594FB4}.Debug|Any CPU.ActiveCfg = Debug|Any CPU
		{20392000-D170-48C4-95FE-6954AB594FB4}.Debug|Any CPU.Build.0 = Debug|Any CPU
		{20392000-D170-48C4-95FE-6954AB594FB4}.Release|Any CPU.ActiveCfg = Release|Any CPU
		{20392000-D170-48C4-95FE-6954AB594FB4}.Release|Any CPU.Build.0 = Release|Any CPU
	EndGlobalSection
	GlobalSection(SolutionProperties) = preSolution
		HideSolutionNode = FALSE
	EndGlobalSection
	GlobalSection(NestedProjects) = preSolution
		{12E3480A-3A81-4301-874E-C604C1194627} = {DF040295-3458-4B2E-9A26-7C365CC1140F}
	EndGlobalSection
EndGlobal
