
Microsoft Visual Studio Solution File, Format Version 12.00
# Visual Studio 14
VisualStudioVersion = 14.0.22823.1
MinimumVisualStudioVersion = 10.0.40219.1
Project("{FAE04EC0-301F-11D3-BF4B-00C04F79EFBC}") = "ProfilePublicAPI", "ProfilePublicAPI\ProfilePublicAPI.csproj", "{58EC4ECD-D597-4C46-BB69-9A26BDA2956C}"
EndProject
Project("{2150E333-8FDC-42A3-9474-1A3956D46DE8}") = "PublishScripts", "PublishScripts", "{CFCAC470-302D-4F84-A69F-1899F0C8CF8C}"
	ProjectSection(SolutionItems) = preProject
		PublishScripts\AzureWebsitePublishModule.psm1 = PublishScripts\AzureWebsitePublishModule.psm1
		PublishScripts\Publish-WebApplicationWebsite.ps1 = PublishScripts\Publish-WebApplicationWebsite.ps1
	EndProjectSection
EndProject
Project("{2150E333-8FDC-42A3-9474-1A3956D46DE8}") = "Configurations", "Configurations", "{FC7470C0-93EA-4856-876B-07AE431F2BDE}"
	ProjectSection(SolutionItems) = preProject
		PublishScripts\Configurations\Deploy-WAWS-dev.json = PublishScripts\Configurations\Deploy-WAWS-dev.json
	EndProjectSection
EndProject
Global
	GlobalSection(SolutionConfigurationPlatforms) = preSolution
		Debug|Any CPU = Debug|Any CPU
		Release|Any CPU = Release|Any CPU
	EndGlobalSection
	GlobalSection(ProjectConfigurationPlatforms) = postSolution
		{58EC4ECD-D597-4C46-BB69-9A26BDA2956C}.Debug|Any CPU.ActiveCfg = Debug|Any CPU
		{58EC4ECD-D597-4C46-BB69-9A26BDA2956C}.Debug|Any CPU.Build.0 = Debug|Any CPU
		{58EC4ECD-D597-4C46-BB69-9A26BDA2956C}.Release|Any CPU.ActiveCfg = Release|Any CPU
		{58EC4ECD-D597-4C46-BB69-9A26BDA2956C}.Release|Any CPU.Build.0 = Release|Any CPU
	EndGlobalSection
	GlobalSection(SolutionProperties) = preSolution
		HideSolutionNode = FALSE
	EndGlobalSection
	GlobalSection(NestedProjects) = preSolution
		{FC7470C0-93EA-4856-876B-07AE431F2BDE} = {CFCAC470-302D-4F84-A69F-1899F0C8CF8C}
	EndGlobalSection
EndGlobal
