
Microsoft Visual Studio Solution File, Format Version 12.00
# Visual Studio 14
VisualStudioVersion = 14.0.22823.1
MinimumVisualStudioVersion = 10.0.40219.1
Project("{FAE04EC0-301F-11D3-BF4B-00C04F79EFBC}") = "DevicePublicAPI", "DevicePublicAPI\DevicePublicAPI.csproj", "{E81F4881-DDE2-4F67-A3C9-D5E94EC000BA}"
EndProject
Project("{2150E333-8FDC-42A3-9474-1A3956D46DE8}") = "PublishScripts", "PublishScripts", "{D361FD25-0E1D-49FB-B6C7-5108589DFCC8}"
	ProjectSection(SolutionItems) = preProject
		PublishScripts\AzureWebsitePublishModule.psm1 = PublishScripts\AzureWebsitePublishModule.psm1
		PublishScripts\Publish-WebApplicationWebsite.ps1 = PublishScripts\Publish-WebApplicationWebsite.ps1
	EndProjectSection
EndProject
Project("{2150E333-8FDC-42A3-9474-1A3956D46DE8}") = "Configurations", "Configurations", "{C55013F3-C739-43AF-9393-7325FCA48DE1}"
	ProjectSection(SolutionItems) = preProject
		PublishScripts\Configurations\Deploy-WAWS-dev.json = PublishScripts\Configurations\Deploy-WAWS-dev.json
	EndProjectSection
EndProject
Global
	GlobalSection(SolutionConfigurationPlatforms) = preSolution
		Debug|Any CPU = Debug|Any CPU
		Release|Any CPU = Release|Any CPU
	EndGlobalSection
	GlobalSection(ProjectConfigurationPlatforms) = postSolution
		{E81F4881-DDE2-4F67-A3C9-D5E94EC000BA}.Debug|Any CPU.ActiveCfg = Debug|Any CPU
		{E81F4881-DDE2-4F67-A3C9-D5E94EC000BA}.Debug|Any CPU.Build.0 = Debug|Any CPU
		{E81F4881-DDE2-4F67-A3C9-D5E94EC000BA}.Release|Any CPU.ActiveCfg = Release|Any CPU
		{E81F4881-DDE2-4F67-A3C9-D5E94EC000BA}.Release|Any CPU.Build.0 = Release|Any CPU
	EndGlobalSection
	GlobalSection(SolutionProperties) = preSolution
		HideSolutionNode = FALSE
	EndGlobalSection
	GlobalSection(NestedProjects) = preSolution
		{C55013F3-C739-43AF-9393-7325FCA48DE1} = {D361FD25-0E1D-49FB-B6C7-5108589DFCC8}
	EndGlobalSection
EndGlobal
