
Microsoft Visual Studio Solution File, Format Version 12.00
# Visual Studio 14
VisualStudioVersion = 14.0.22823.1
MinimumVisualStudioVersion = 10.0.40219.1
Project("{FAE04EC0-301F-11D3-BF4B-00C04F79EFBC}") = "ConfigMConsole", "ConfigMConsole\ConfigMConsole.csproj", "{9C770835-A503-4F03-ADA8-6A4B4D82E1FB}"
EndProject
Project("{2150E333-8FDC-42A3-9474-1A3956D46DE8}") = ".nuget", ".nuget", "{F99EC561-12D9-4895-BA7E-822C4B861E18}"
	ProjectSection(SolutionItems) = preProject
		.nuget\NuGet.Config = .nuget\NuGet.Config
		.nuget\NuGet.exe = .nuget\NuGet.exe
		.nuget\NuGet.targets = .nuget\NuGet.targets
	EndProjectSection
EndProject
Global
	GlobalSection(SolutionConfigurationPlatforms) = preSolution
		Debug|Any CPU = Debug|Any CPU
		Release|Any CPU = Release|Any CPU
	EndGlobalSection
	GlobalSection(ProjectConfigurationPlatforms) = postSolution
		{9C770835-A503-4F03-ADA8-6A4B4D82E1FB}.Debug|Any CPU.ActiveCfg = Debug|Any CPU
		{9C770835-A503-4F03-ADA8-6A4B4D82E1FB}.Debug|Any CPU.Build.0 = Debug|Any CPU
		{9C770835-A503-4F03-ADA8-6A4B4D82E1FB}.Release|Any CPU.ActiveCfg = Release|Any CPU
		{9C770835-A503-4F03-ADA8-6A4B4D82E1FB}.Release|Any CPU.Build.0 = Release|Any CPU
	EndGlobalSection
	GlobalSection(SolutionProperties) = preSolution
		HideSolutionNode = FALSE
	EndGlobalSection
EndGlobal
