
Microsoft Visual Studio Solution File, Format Version 12.00
# Visual Studio 14
VisualStudioVersion = 14.0.22823.1
MinimumVisualStudioVersion = 10.0.40219.1
Project("{FAE04EC0-301F-11D3-BF4B-00C04F79EFBC}") = "RefAdminAPI", "RefAdminAPI\RefAdminAPI.csproj", "{50AA1D84-1914-4463-AF66-57262CFE11CA}"
EndProject
Project("{2150E333-8FDC-42A3-9474-1A3956D46DE8}") = "PublishScripts", "PublishScripts", "{9B9C9371-E472-44B9-88F5-E75C7BF28556}"
	ProjectSection(SolutionItems) = preProject
		PublishScripts\AzureWebsitePublishModule.psm1 = PublishScripts\AzureWebsitePublishModule.psm1
		PublishScripts\Publish-WebApplicationWebsite.ps1 = PublishScripts\Publish-WebApplicationWebsite.ps1
	EndProjectSection
EndProject
Project("{2150E333-8FDC-42A3-9474-1A3956D46DE8}") = "Configurations", "Configurations", "{AE58EE6A-4257-486E-8D55-61D506FEEC35}"
	ProjectSection(SolutionItems) = preProject
		PublishScripts\Configurations\Deploy-WAWS-dev.json = PublishScripts\Configurations\Deploy-WAWS-dev.json
	EndProjectSection
EndProject
Global
	GlobalSection(SolutionConfigurationPlatforms) = preSolution
		Debug|Any CPU = Debug|Any CPU
		Release|Any CPU = Release|Any CPU
	EndGlobalSection
	GlobalSection(ProjectConfigurationPlatforms) = postSolution
		{50AA1D84-1914-4463-AF66-57262CFE11CA}.Debug|Any CPU.ActiveCfg = Debug|Any CPU
		{50AA1D84-1914-4463-AF66-57262CFE11CA}.Debug|Any CPU.Build.0 = Debug|Any CPU
		{50AA1D84-1914-4463-AF66-57262CFE11CA}.Release|Any CPU.ActiveCfg = Release|Any CPU
		{50AA1D84-1914-4463-AF66-57262CFE11CA}.Release|Any CPU.Build.0 = Release|Any CPU
	EndGlobalSection
	GlobalSection(SolutionProperties) = preSolution
		HideSolutionNode = FALSE
	EndGlobalSection
	GlobalSection(NestedProjects) = preSolution
		{AE58EE6A-4257-486E-8D55-61D506FEEC35} = {9B9C9371-E472-44B9-88F5-E75C7BF28556}
	EndGlobalSection
EndGlobal
