
Microsoft Visual Studio Solution File, Format Version 12.00
# Visual Studio 14
VisualStudioVersion = 14.0.22823.1
MinimumVisualStudioVersion = 10.0.40219.1
Project("{FAE04EC0-301F-11D3-BF4B-00C04F79EFBC}") = "ConfigPublicAPI", "ConfigPublicAPI\ConfigPublicAPI.csproj", "{9F568586-00BB-498D-B077-7457F95EC79A}"
EndProject
Project("{2150E333-8FDC-42A3-9474-1A3956D46DE8}") = "PublishScripts", "PublishScripts", "{90412E7D-E169-4272-8893-A4F0A3250039}"
	ProjectSection(SolutionItems) = preProject
		PublishScripts\AzureWebsitePublishModule.psm1 = PublishScripts\AzureWebsitePublishModule.psm1
		PublishScripts\Publish-WebApplicationWebsite.ps1 = PublishScripts\Publish-WebApplicationWebsite.ps1
	EndProjectSection
EndProject
Project("{2150E333-8FDC-42A3-9474-1A3956D46DE8}") = "Configurations", "Configurations", "{E54A1802-817E-429A-95E9-AFBC8534E56E}"
	ProjectSection(SolutionItems) = preProject
		PublishScripts\Configurations\Deploy-WAWS-dev.json = PublishScripts\Configurations\Deploy-WAWS-dev.json
	EndProjectSection
EndProject
Global
	GlobalSection(SolutionConfigurationPlatforms) = preSolution
		Debug|Any CPU = Debug|Any CPU
		Release|Any CPU = Release|Any CPU
	EndGlobalSection
	GlobalSection(ProjectConfigurationPlatforms) = postSolution
		{9F568586-00BB-498D-B077-7457F95EC79A}.Debug|Any CPU.ActiveCfg = Debug|Any CPU
		{9F568586-00BB-498D-B077-7457F95EC79A}.Debug|Any CPU.Build.0 = Debug|Any CPU
		{9F568586-00BB-498D-B077-7457F95EC79A}.Release|Any CPU.ActiveCfg = Release|Any CPU
		{9F568586-00BB-498D-B077-7457F95EC79A}.Release|Any CPU.Build.0 = Release|Any CPU
	EndGlobalSection
	GlobalSection(SolutionProperties) = preSolution
		HideSolutionNode = FALSE
	EndGlobalSection
	GlobalSection(NestedProjects) = preSolution
		{E54A1802-817E-429A-95E9-AFBC8534E56E} = {90412E7D-E169-4272-8893-A4F0A3250039}
	EndGlobalSection
EndGlobal
